PODS:
  - GoogleAPIClient/Core (1.0.5):
    - GTMSessionFetcher (~> 1.1)
  - GoogleAPIClient/Gmail (1.0.5):
    - GoogleAPIClient/Core
    - GTMSessionFetcher (~> 1.1)
  - GTMOAuth2 (1.1.3):
    - GTMSessionFetcher (~> 1.1)
  - GTMSessionFetcher (1.1.6):
    - GTMSessionFetcher/Full (= 1.1.6)
  - GTMSessionFetcher/Core (1.1.6)
  - GTMSessionFetcher/Full (1.1.6):
    - GTMSessionFetcher/Core (= 1.1.6)
  - Realm (2.0.2):
    - Realm/Headers (= 2.0.2)
  - Realm/Headers (2.0.2)
  - RealmSwift (2.0.2):
    - Realm (= 2.0.2)
  - SwiftSpinner (0.9.5)

DEPENDENCIES:
  - GoogleAPIClient/Gmail (~> 1.0.2)
  - GTMOAuth2 (~> 1.1.0)
  - RealmSwift (~> 2.0)
  - SwiftSpinner (~> 0.6)

SPEC CHECKSUMS:
  GoogleAPIClient: 4a6b0b807de8b1115a2835180b25dd93dc60f1ea
  GTMOAuth2: 72f8a58b1ad821cc06638b6099a522789fe04fcc
  GTMSessionFetcher: 6aacd0ab48ddf0c3633ab2642d792abfcad1b08a
  Realm: 0f5a194af0b7e6158b83db41b4ee1a00be7ddf1a
  RealmSwift: 0eb5070d851cba7c66e841ca756d83609dc78bc8
  SwiftSpinner: c6585a0ae5c67eb33e737695cce88f0262008cce

PODFILE CHECKSUM: 4c9b47a0964547b48e957cdaaea9fad6edfabad3

COCOAPODS: 1.0.1
